# This file is generated by running "yarn install" inside your project.
# Manual changes might be lost - proceed with caution!

__metadata:
  version: 6
  cacheKey: 8

"@esbuild/android-arm64@npm:0.18.14":
  version: 0.18.14
  resolution: "@esbuild/android-arm64@npm:0.18.14"
  conditions: os=android & cpu=arm64
  languageName: node
  linkType: hard

"@esbuild/android-arm@npm:0.18.14":
  version: 0.18.14
  resolution: "@esbuild/android-arm@npm:0.18.14"
  conditions: os=android & cpu=arm
  languageName: node
  linkType: hard

"@esbuild/android-x64@npm:0.18.14":
  version: 0.18.14
  resolution: "@esbuild/android-x64@npm:0.18.14"
  conditions: os=android & cpu=x64
  languageName: node
  linkType: hard

"@esbuild/darwin-arm64@npm:0.18.14":
  version: 0.18.14
  resolution: "@esbuild/darwin-arm64@npm:0.18.14"
  conditions: os=darwin & cpu=arm64
  languageName: node
  linkType: hard

"@esbuild/darwin-x64@npm:0.18.14":
  version: 0.18.14
  resolution: "@esbuild/darwin-x64@npm:0.18.14"
  conditions: os=darwin & cpu=x64
  languageName: node
  linkType: hard

"@esbuild/freebsd-arm64@npm:0.18.14":
  version: 0.18.14
  resolution: "@esbuild/freebsd-arm64@npm:0.18.14"
  conditions: os=freebsd & cpu=arm64
  languageName: node
  linkType: hard

"@esbuild/freebsd-x64@npm:0.18.14":
  version: 0.18.14
  resolution: "@esbuild/freebsd-x64@npm:0.18.14"
  conditions: os=freebsd & cpu=x64
  languageName: node
  linkType: hard

"@esbuild/linux-arm64@npm:0.18.14":
  version: 0.18.14
  resolution: "@esbuild/linux-arm64@npm:0.18.14"
  conditions: os=linux & cpu=arm64
  languageName: node
  linkType: hard

"@esbuild/linux-arm@npm:0.18.14":
  version: 0.18.14
  resolution: "@esbuild/linux-arm@npm:0.18.14"
  conditions: os=linux & cpu=arm
  languageName: node
  linkType: hard

"@esbuild/linux-ia32@npm:0.18.14":
  version: 0.18.14
  resolution: "@esbuild/linux-ia32@npm:0.18.14"
  conditions: os=linux & cpu=ia32
  languageName: node
  linkType: hard

"@esbuild/linux-loong64@npm:0.18.14":
  version: 0.18.14
  resolution: "@esbuild/linux-loong64@npm:0.18.14"
  conditions: os=linux & cpu=loong64
  languageName: node
  linkType: hard

"@esbuild/linux-mips64el@npm:0.18.14":
  version: 0.18.14
  resolution: "@esbuild/linux-mips64el@npm:0.18.14"
  conditions: os=linux & cpu=mips64el
  languageName: node
  linkType: hard

"@esbuild/linux-ppc64@npm:0.18.14":
  version: 0.18.14
  resolution: "@esbuild/linux-ppc64@npm:0.18.14"
  conditions: os=linux & cpu=ppc64
  languageName: node
  linkType: hard

"@esbuild/linux-riscv64@npm:0.18.14":
  version: 0.18.14
  resolution: "@esbuild/linux-riscv64@npm:0.18.14"
  conditions: os=linux & cpu=riscv64
  languageName: node
  linkType: hard

"@esbuild/linux-s390x@npm:0.18.14":
  version: 0.18.14
  resolution: "@esbuild/linux-s390x@npm:0.18.14"
  conditions: os=linux & cpu=s390x
  languageName: node
  linkType: hard

"@esbuild/linux-x64@npm:0.18.14":
  version: 0.18.14
  resolution: "@esbuild/linux-x64@npm:0.18.14"
  conditions: os=linux & cpu=x64
  languageName: node
  linkType: hard

"@esbuild/netbsd-x64@npm:0.18.14":
  version: 0.18.14
  resolution: "@esbuild/netbsd-x64@npm:0.18.14"
  conditions: os=netbsd & cpu=x64
  languageName: node
  linkType: hard

"@esbuild/openbsd-x64@npm:0.18.14":
  version: 0.18.14
  resolution: "@esbuild/openbsd-x64@npm:0.18.14"
  conditions: os=openbsd & cpu=x64
  languageName: node
  linkType: hard

"@esbuild/sunos-x64@npm:0.18.14":
  version: 0.18.14
  resolution: "@esbuild/sunos-x64@npm:0.18.14"
  conditions: os=sunos & cpu=x64
  languageName: node
  linkType: hard

"@esbuild/win32-arm64@npm:0.18.14":
  version: 0.18.14
  resolution: "@esbuild/win32-arm64@npm:0.18.14"
  conditions: os=win32 & cpu=arm64
  languageName: node
  linkType: hard

"@esbuild/win32-ia32@npm:0.18.14":
  version: 0.18.14
  resolution: "@esbuild/win32-ia32@npm:0.18.14"
  conditions: os=win32 & cpu=ia32
  languageName: node
  linkType: hard

"@esbuild/win32-x64@npm:0.18.14":
  version: 0.18.14
  resolution: "@esbuild/win32-x64@npm:0.18.14"
  conditions: os=win32 & cpu=x64
  languageName: node
  linkType: hard

"@grammyjs/types@npm:3.1.2":
  version: 3.1.2
  resolution: "@grammyjs/types@npm:3.1.2"
  checksum: afbf678ca14079e16d37c7b721c90eb90a5d18110b331e49980b4f88966c85995ce1b97a0c64226949f1bdd208ce8b62b348a9b2d2197c2c98ec1925697e752a
  languageName: node
  linkType: hard

"@octokit/openapi-types@npm:^18.0.0":
  version: 18.0.0
  resolution: "@octokit/openapi-types@npm:18.0.0"
  checksum: d487d6c6c1965e583eee417d567e4fe3357a98953fc49bce1a88487e7908e9b5dbb3e98f60dfa340e23b1792725fbc006295aea071c5667a813b9c098185b56f
  languageName: node
  linkType: hard

"@octokit/request-error@npm:^5.0.0":
  version: 5.0.0
  resolution: "@octokit/request-error@npm:5.0.0"
  dependencies:
    "@octokit/types": ^11.0.0
    deprecation: ^2.0.0
    once: ^1.4.0
  checksum: 2012eca66f6b8fa4038b3bfe81d65a7134ec58e2caf45d229aca13b9653ab260abd95229bd1a8c11180ee0bcf738e2556831a85de28f39b175175653c3b79fdd
  languageName: node
  linkType: hard

"@octokit/types@npm:^11.0.0":
  version: 11.1.0
  resolution: "@octokit/types@npm:11.1.0"
  dependencies:
    "@octokit/openapi-types": ^18.0.0
  checksum: 72627a94ddaf7bc14db06572bcde67649aad608cd86548818380db9305f4c0ca9ca078a62dd883858a267e8ec8fd596a0fce416aa04197c439b9548efef609a7
  languageName: node
  linkType: hard

"@octokit/webhooks-methods@npm:^4.0.0":
  version: 4.0.0
  resolution: "@octokit/webhooks-methods@npm:4.0.0"
  checksum: 07010438e53a6a659f0d7d3596bf89e6795776165066553e76384d90cef077a1e259122733913468299a1a76c71536914eb871d0508fcbbd453468b21eeb30c7
  languageName: node
  linkType: hard

"@octokit/webhooks-types@npm:7.1.0":
  version: 7.1.0
  resolution: "@octokit/webhooks-types@npm:7.1.0"
  checksum: 5aea38c38e97cb1b8d54c805c17c4015ee937d0b1ad550adc64eaf2e90bfbaf1e00c878490c10b43e31a11563e8d02183b86268ed588b04e39b22d5fd27807cf
  languageName: node
  linkType: hard

"@octokit/webhooks@npm:^12.0.3":
  version: 12.0.3
  resolution: "@octokit/webhooks@npm:12.0.3"
  dependencies:
    "@octokit/request-error": ^5.0.0
    "@octokit/webhooks-methods": ^4.0.0
    "@octokit/webhooks-types": 7.1.0
    aggregate-error: ^3.1.0
  checksum: 2db63122eab1852047379f9cb0024cdb22a2bf16356907b66bc71d5a01814b069178aee07fe61faeb80cde3dcd513a39526974f8bae5ec6e26b63fe87877ace1
  languageName: node
  linkType: hard

"@types/node@npm:^20.4.2":
  version: 20.4.2
  resolution: "@types/node@npm:20.4.2"
  checksum: 99e544ea7560d51f01f95627fc40394c24a13da8f041121a0da13e4ef0a2aa332932eaf9a5e8d0e30d1c07106e96a183be392cbba62e8cf0bf6a085d5c0f4149
  languageName: node
  linkType: hard

"abort-controller@npm:^3.0.0":
  version: 3.0.0
  resolution: "abort-controller@npm:3.0.0"
  dependencies:
    event-target-shim: ^5.0.0
  checksum: 170bdba9b47b7e65906a28c8ce4f38a7a369d78e2271706f020849c1bfe0ee2067d4261df8bbb66eb84f79208fd5b710df759d64191db58cfba7ce8ef9c54b75
  languageName: node
  linkType: hard

"aggregate-error@npm:^3.1.0":
  version: 3.1.0
  resolution: "aggregate-error@npm:3.1.0"
  dependencies:
    clean-stack: ^2.0.0
    indent-string: ^4.0.0
  checksum: 1101a33f21baa27a2fa8e04b698271e64616b886795fd43c31068c07533c7b3facfcaf4e9e0cab3624bd88f729a592f1c901a1a229c9e490eafce411a8644b79
  languageName: node
  linkType: hard

"clean-stack@npm:^2.0.0":
  version: 2.2.0
  resolution: "clean-stack@npm:2.2.0"
  checksum: 2ac8cd2b2f5ec986a3c743935ec85b07bc174d5421a5efc8017e1f146a1cf5f781ae962618f416352103b32c9cd7e203276e8c28241bbe946160cab16149fb68
  languageName: node
  linkType: hard

"debug@npm:^4.3.4":
  version: 4.3.4
  resolution: "debug@npm:4.3.4"
  dependencies:
    ms: 2.1.2
  peerDependenciesMeta:
    supports-color:
      optional: true
  checksum: 3dbad3f94ea64f34431a9cbf0bafb61853eda57bff2880036153438f50fb5a84f27683ba0d8e5426bf41a8c6ff03879488120cf5b3a761e77953169c0600a708
  languageName: node
  linkType: hard

"deprecation@npm:^2.0.0":
  version: 2.3.1
  resolution: "deprecation@npm:2.3.1"
  checksum: f56a05e182c2c195071385455956b0c4106fe14e36245b00c689ceef8e8ab639235176a96977ba7c74afb173317fac2e0ec6ec7a1c6d1e6eaa401c586c714132
  languageName: node
  linkType: hard

"ekal@workspace:.":
  version: 0.0.0-use.local
  resolution: "ekal@workspace:."
  dependencies:
    "@octokit/webhooks": ^12.0.3
    "@types/node": ^20.4.2
    esbuild: ^0.18.14
    grammy: ^1.17.2
    typescript: ^5.1.6
  languageName: unknown
  linkType: soft

"esbuild@npm:^0.18.14":
  version: 0.18.14
  resolution: "esbuild@npm:0.18.14"
  dependencies:
    "@esbuild/android-arm": 0.18.14
    "@esbuild/android-arm64": 0.18.14
    "@esbuild/android-x64": 0.18.14
    "@esbuild/darwin-arm64": 0.18.14
    "@esbuild/darwin-x64": 0.18.14
    "@esbuild/freebsd-arm64": 0.18.14
    "@esbuild/freebsd-x64": 0.18.14
    "@esbuild/linux-arm": 0.18.14
    "@esbuild/linux-arm64": 0.18.14
    "@esbuild/linux-ia32": 0.18.14
    "@esbuild/linux-loong64": 0.18.14
    "@esbuild/linux-mips64el": 0.18.14
    "@esbuild/linux-ppc64": 0.18.14
    "@esbuild/linux-riscv64": 0.18.14
    "@esbuild/linux-s390x": 0.18.14
    "@esbuild/linux-x64": 0.18.14
    "@esbuild/netbsd-x64": 0.18.14
    "@esbuild/openbsd-x64": 0.18.14
    "@esbuild/sunos-x64": 0.18.14
    "@esbuild/win32-arm64": 0.18.14
    "@esbuild/win32-ia32": 0.18.14
    "@esbuild/win32-x64": 0.18.14
  dependenciesMeta:
    "@esbuild/android-arm":
      optional: true
    "@esbuild/android-arm64":
      optional: true
    "@esbuild/android-x64":
      optional: true
    "@esbuild/darwin-arm64":
      optional: true
    "@esbuild/darwin-x64":
      optional: true
    "@esbuild/freebsd-arm64":
      optional: true
    "@esbuild/freebsd-x64":
      optional: true
    "@esbuild/linux-arm":
      optional: true
    "@esbuild/linux-arm64":
      optional: true
    "@esbuild/linux-ia32":
      optional: true
    "@esbuild/linux-loong64":
      optional: true
    "@esbuild/linux-mips64el":
      optional: true
    "@esbuild/linux-ppc64":
      optional: true
    "@esbuild/linux-riscv64":
      optional: true
    "@esbuild/linux-s390x":
      optional: true
    "@esbuild/linux-x64":
      optional: true
    "@esbuild/netbsd-x64":
      optional: true
    "@esbuild/openbsd-x64":
      optional: true
    "@esbuild/sunos-x64":
      optional: true
    "@esbuild/win32-arm64":
      optional: true
    "@esbuild/win32-ia32":
      optional: true
    "@esbuild/win32-x64":
      optional: true
  bin:
    esbuild: bin/esbuild
  checksum: 1e07d4c269262a9c31f8c23e6d8d891e3ad3b62851b6c35651088d8e19a1be3f49fd09580be3154ba8253da1646f50099e78435dad4e38a14527721038785f77
  languageName: node
  linkType: hard

"event-target-shim@npm:^5.0.0":
  version: 5.0.1
  resolution: "event-target-shim@npm:5.0.1"
  checksum: 1ffe3bb22a6d51bdeb6bf6f7cf97d2ff4a74b017ad12284cc9e6a279e727dc30a5de6bb613e5596ff4dc3e517841339ad09a7eec44266eccb1aa201a30448166
  languageName: node
  linkType: hard

"grammy@npm:^1.17.2":
  version: 1.17.2
  resolution: "grammy@npm:1.17.2"
  dependencies:
    "@grammyjs/types": 3.1.2
    abort-controller: ^3.0.0
    debug: ^4.3.4
    node-fetch: ^2.6.11
  checksum: 36cbffd0409139f85645e7aed47536f8b225e71984ce07508111be2bf13ebad6553467c4df745ccbcdeefb17fbb524c00c9115157b7341331ed39b89e64b5469
  languageName: node
  linkType: hard

"indent-string@npm:^4.0.0":
  version: 4.0.0
  resolution: "indent-string@npm:4.0.0"
  checksum: 824cfb9929d031dabf059bebfe08cf3137365e112019086ed3dcff6a0a7b698cb80cf67ccccde0e25b9e2d7527aa6cc1fed1ac490c752162496caba3e6699612
  languageName: node
  linkType: hard

"ms@npm:2.1.2":
  version: 2.1.2
  resolution: "ms@npm:2.1.2"
  checksum: 673cdb2c3133eb050c745908d8ce632ed2c02d85640e2edb3ace856a2266a813b30c613569bf3354fdf4ea7d1a1494add3bfa95e2713baa27d0c2c71fc44f58f
  languageName: node
  linkType: hard

"node-fetch@npm:^2.6.11":
  version: 2.6.12
  resolution: "node-fetch@npm:2.6.12"
  dependencies:
    whatwg-url: ^5.0.0
  peerDependencies:
    encoding: ^0.1.0
  peerDependenciesMeta:
    encoding:
      optional: true
  checksum: 3bc1655203d47ee8e313c0d96664b9673a3d4dd8002740318e9d27d14ef306693a4b2ef8d6525775056fd912a19e23f3ac0d7111ad8925877b7567b29a625592
  languageName: node
  linkType: hard

"once@npm:^1.4.0":
  version: 1.4.0
  resolution: "once@npm:1.4.0"
  dependencies:
    wrappy: 1
  checksum: cd0a88501333edd640d95f0d2700fbde6bff20b3d4d9bdc521bdd31af0656b5706570d6c6afe532045a20bb8dc0849f8332d6f2a416e0ba6d3d3b98806c7db68
  languageName: node
  linkType: hard

"tr46@npm:~0.0.3":
  version: 0.0.3
  resolution: "tr46@npm:0.0.3"
  checksum: 726321c5eaf41b5002e17ffbd1fb7245999a073e8979085dacd47c4b4e8068ff5777142fc6726d6ca1fd2ff16921b48788b87225cbc57c72636f6efa8efbffe3
  languageName: node
  linkType: hard

"typescript@npm:^5.1.6":
  version: 5.1.6
  resolution: "typescript@npm:5.1.6"
  bin:
    tsc: bin/tsc
    tsserver: bin/tsserver
  checksum: b2f2c35096035fe1f5facd1e38922ccb8558996331405eb00a5111cc948b2e733163cc22fab5db46992aba7dd520fff637f2c1df4996ff0e134e77d3249a7350
  languageName: node
  linkType: hard

"typescript@patch:typescript@^5.1.6#~builtin<compat/typescript>":
  version: 5.1.6
  resolution: "typescript@patch:typescript@npm%3A5.1.6#~builtin<compat/typescript>::version=5.1.6&hash=bda367"
  bin:
    tsc: bin/tsc
    tsserver: bin/tsserver
  checksum: 21e88b0a0c0226f9cb9fd25b9626fb05b4c0f3fddac521844a13e1f30beb8f14e90bd409a9ac43c812c5946d714d6e0dee12d5d02dfc1c562c5aacfa1f49b606
  languageName: node
  linkType: hard

"webidl-conversions@npm:^3.0.0":
  version: 3.0.1
  resolution: "webidl-conversions@npm:3.0.1"
  checksum: c92a0a6ab95314bde9c32e1d0a6dfac83b578f8fa5f21e675bc2706ed6981bc26b7eb7e6a1fab158e5ce4adf9caa4a0aee49a52505d4d13c7be545f15021b17c
  languageName: node
  linkType: hard

"whatwg-url@npm:^5.0.0":
  version: 5.0.0
  resolution: "whatwg-url@npm:5.0.0"
  dependencies:
    tr46: ~0.0.3
    webidl-conversions: ^3.0.0
  checksum: b8daed4ad3356cc4899048a15b2c143a9aed0dfae1f611ebd55073310c7b910f522ad75d727346ad64203d7e6c79ef25eafd465f4d12775ca44b90fa82ed9e2c
  languageName: node
  linkType: hard

"wrappy@npm:1":
  version: 1.0.2
  resolution: "wrappy@npm:1.0.2"
  checksum: 159da4805f7e84a3d003d8841557196034155008f817172d4e986bd591f74aa82aa7db55929a54222309e01079a65a92a9e6414da5a6aa4b01ee44a511ac3ee5
  languageName: node
  linkType: hard
